{
  "R": {
    "Version": "3.6.3",
    "Repositories": [
      {
        "Name": "CRAN",
        "URL": "https://cran.r-project.org"
      }
    ]
  },
  "Packages": {
    "MASS": {
      "Package": "MASS",
      "Version": "7.3-51.5",
      "Source": "Repository",
      "Priority": "recommended",
      "Date": "2019-12-20",
      "Revision": "$Rev: 3506 $",
      "Depends": [
        "R (>= 3.1.0)",
        "grDevices",
        "graphics",
        "stats",
        "utils"
      ],
      "Imports": [
        "methods"
      ],
      "Suggests": [
        "lattice",
        "nlme",
        "nnet",
        "survival"
      ],
      "Authors@R": "c(person(\"Brian\", \"Ripley\", role = c(\"aut\", \"cre\", \"cph\"), email = \"ripley@stats.ox.ac.uk\"), person(\"Bill\", \"Venables\", role = \"ctb\"), person(c(\"Douglas\", \"M.\"), \"Bates\", role = \"ctb\"), person(\"Kurt\", \"Hornik\", role = \"trl\", comment = \"partial port ca 1998\"), person(\"Albrecht\", \"Gebhardt\", role = \"trl\", comment = \"partial port ca 1998\"), person(\"David\", \"Firth\", role = \"ctb\"))",
      "Description": "Functions and datasets to support Venables and Ripley, \"Modern Applied Statistics with S\" (4th edition, 2002).",
      "Title": "Support Functions and Datasets for Venables and Ripley's MASS",
      "LazyData": "yes",
      "ByteCompile": "yes",
      "License": "GPL-2 | GPL-3",
      "URL": "http://www.stats.ox.ac.uk/pub/MASS4/",
      "Contact": "<MASS@stats.ox.ac.uk>",
      "NeedsCompilation": "yes",
      "Author": "Brian Ripley [aut, cre, cph], Bill Venables [ctb], Douglas M. Bates [ctb], Kurt Hornik [trl] (partial port ca 1998), Albrecht Gebhardt [trl] (partial port ca 1998), David Firth [ctb]",
      "Maintainer": "Brian Ripley <ripley@stats.ox.ac.uk>",
      "Repository": "CRAN"
    },
    "Matrix": {
      "Package": "Matrix",
      "Version": "1.2-18",
      "Source": "Repository",
      "Date": "2019-11-25",
      "Priority": "recommended",
      "Title": "Sparse and Dense Matrix Classes and Methods",
      "Contact": "Doug and Martin <Matrix-authors@R-project.org>",
      "Maintainer": "Martin Maechler <mmaechler+Matrix@gmail.com>",
      "Authors@R": "c(person(\"Douglas\",\"Bates\", role=\"aut\") , person(\"Martin\",\"Maechler\", role = c(\"aut\",\"cre\"), email=\"mmaechler+Matrix@gmail.com\", comment = c(ORCID = \"0000-0002-8685-9910\")) , person(\"Timothy A.\", \"Davis\", role=\"ctb\", comment = c(\"SuiteSparse and 'cs' C libraries, notably CHOLMOD, AMD; collaborators listed in dir(pattern = '^[A-Z]+[.]txt$', full.names=TRUE, system.file('doc', 'SuiteSparse', package='Matrix'))\")) , person(\"Jens\", \"Oehlschlägel\", role=\"ctb\", comment=\"initial nearPD()\") , person(\"Jason\", \"Riedy\", role=\"ctb\", comment = c(\"condest() and onenormest() for octave\", \"Copyright: Regents of the University of California\")) , person(\"R Core Team\", role = \"ctb\", comment=\"base R matrix implementation\") )",
      "Description": "A rich hierarchy of matrix classes, including triangular, symmetric, and diagonal matrices, both dense and sparse and with pattern, logical and numeric entries.   Numerous methods for and operations on these matrices, using 'LAPACK' and 'SuiteSparse' libraries.",
      "Depends": [
        "R (>= 3.2.0)"
      ],
      "Imports": [
        "methods",
        "graphics",
        "grid",
        "stats",
        "utils",
        "lattice"
      ],
      "Suggests": [
        "expm",
        "MASS"
      ],
      "Enhances": [
        "MatrixModels",
        "graph",
        "SparseM",
        "sfsmisc"
      ],
      "Encoding": "UTF-8",
      "LazyData": "no",
      "LazyDataNote": "not possible, since we use data/*.R *and* our classes",
      "BuildResaveData": "no",
      "License": "GPL (>= 2) | file LICENCE",
      "URL": "http://Matrix.R-forge.R-project.org/",
      "BugReports": "https://r-forge.r-project.org/tracker/?group_id=61",
      "NeedsCompilation": "yes",
      "Author": "Douglas Bates [aut], Martin Maechler [aut, cre] (<https://orcid.org/0000-0002-8685-9910>), Timothy A. Davis [ctb] (SuiteSparse and 'cs' C libraries, notably CHOLMOD, AMD; collaborators listed in dir(pattern = '^[A-Z]+[.]txt$', full.names=TRUE, system.file('doc', 'SuiteSparse', package='Matrix'))), Jens Oehlschlägel [ctb] (initial nearPD()), Jason Riedy [ctb] (condest() and onenormest() for octave, Copyright: Regents of the University of California), R Core Team [ctb] (base R matrix implementation)",
      "Repository": "CRAN"
    },
    "Rcpp": {
      "Package": "Rcpp",
      "Version": "1.1.2",
      "Source": "Repository",
      "Title": "Seamless R and C++ Integration",
      "Date": "2026-07-01",
      "Authors@R": "c(person(\"Dirk\", \"Eddelbuettel\", role = c(\"aut\", \"cre\"), email = \"edd@debian.org\", comment = c(ORCID = \"0000-0001-6419-907X\")), person(\"Romain\", \"Francois\", role = \"aut\", comment = c(ORCID = \"0000-0002-2444-4226\")), person(\"JJ\", \"Allaire\", role = \"aut\", comment = c(ORCID = \"0000-0003-0174-9868\")), person(\"Kevin\", \"Ushey\", role = \"aut\", comment = c(ORCID = \"0000-0003-2880-7407\")), person(\"Qiang\", \"Kou\", role = \"aut\", comment = c(ORCID = \"0000-0001-6786-5453\")), person(\"Nathan\", \"Russell\", role = \"aut\"), person(\"Iñaki\", \"Ucar\", role = \"aut\", comment = c(ORCID = \"0000-0001-6403-5550\")), person(\"Doug\", \"Bates\", role = \"aut\", comment = c(ORCID = \"0000-0001-8316-9503\")), person(\"John\", \"Chambers\", role = \"aut\"))",
      "Description": "The 'Rcpp' package provides R functions as well as C++ classes which offer a seamless integration of R and C++. Many R data types and objects can be mapped back and forth to C++ equivalents which facilitates both writing of new code as well as easier integration of third-party libraries. Documentation about 'Rcpp' is provided by several vignettes included in this package, via the 'Rcpp Gallery' site at <https://gallery.rcpp.org>, the paper by Eddelbuettel and Francois (2011, <doi:10.18637/jss.v040.i08>), the book by Eddelbuettel (2013, <doi:10.1007/978-1-4614-6868-4>) and the paper by Eddelbuettel and Balamuta (2018, <doi:10.1080/00031305.2017.1375990>); see 'citation(\"Rcpp\")' for details.",
      "Depends": [
        "R (>= 3.5.0)"
      ],
      "Imports": [
        "methods",
        "utils"
      ],
      "Suggests": [
        "tinytest",
        "inline",
        "rbenchmark",
        "pkgKitten (>= 0.1.2)"
      ],
      "URL": "https://www.rcpp.org, https://dirk.eddelbuettel.com/code/rcpp.html, https://github.com/RcppCore/Rcpp",
      "License": "GPL (>= 2)",
      "BugReports": "https://github.com/RcppCore/Rcpp/issues",
      "RoxygenNote": "6.1.1",
      "Encoding": "UTF-8",
      "VignetteBuilder": "Rcpp",
      "NeedsCompilation": "yes",
      "Author": "Dirk Eddelbuettel [aut, cre] (ORCID: <https://orcid.org/0000-0001-6419-907X>), Romain Francois [aut] (ORCID: <https://orcid.org/0000-0002-2444-4226>), JJ Allaire [aut] (ORCID: <https://orcid.org/0000-0003-0174-9868>), Kevin Ushey [aut] (ORCID: <https://orcid.org/0000-0003-2880-7407>), Qiang Kou [aut] (ORCID: <https://orcid.org/0000-0001-6786-5453>), Nathan Russell [aut], Iñaki Ucar [aut] (ORCID: <https://orcid.org/0000-0001-6403-5550>), Doug Bates [aut] (ORCID: <https://orcid.org/0000-0001-8316-9503>), John Chambers [aut]",
      "Maintainer": "Dirk Eddelbuettel <edd@debian.org>",
      "Repository": "CRAN"
    },
    "RcppEigen": {
      "Package": "RcppEigen",
      "Version": "0.3.4.0.2",
      "Source": "Repository",
      "Type": "Package",
      "Title": "'Rcpp' Integration for the 'Eigen' Templated Linear Algebra Library",
      "Date": "2024-08-23",
      "Authors@R": "c(person(\"Doug\", \"Bates\", role = \"aut\", comment = c(ORCID = \"0000-0001-8316-9503\")), person(\"Dirk\", \"Eddelbuettel\", role = c(\"aut\", \"cre\"), email = \"edd@debian.org\", comment = c(ORCID = \"0000-0001-6419-907X\")), person(\"Romain\", \"Francois\", role = \"aut\", comment = c(ORCID = \"0000-0002-2444-4226\")), person(\"Yixuan\", \"Qiu\", role = \"aut\", comment = c(ORCID = \"0000-0003-0109-6692\")), person(\"Authors of\", \"Eigen\", role = \"cph\", comment = \"Authorship and copyright in included Eigen library as detailed in inst/COPYRIGHTS\"))",
      "Copyright": "See the file COPYRIGHTS for various Eigen copyright details",
      "Description": "R and 'Eigen' integration using 'Rcpp'. 'Eigen' is a C++ template library for linear algebra: matrices, vectors, numerical solvers and related algorithms.  It supports dense and sparse matrices on integer, floating point and complex numbers, decompositions of such matrices, and solutions of linear systems. Its performance on many algorithms is comparable with some of the best implementations based on 'Lapack' and level-3 'BLAS'. The 'RcppEigen' package includes the header files from the 'Eigen' C++ template library. Thus users do not need to install 'Eigen' itself in order to use 'RcppEigen'. Since version 3.1.1, 'Eigen' is licensed under the Mozilla Public License (version 2); earlier version were licensed under the GNU LGPL version 3 or later. 'RcppEigen' (the 'Rcpp' bindings/bridge to 'Eigen') is licensed under the GNU GPL version 2 or later, as is the rest of 'Rcpp'.",
      "License": "GPL (>= 2) | file LICENSE",
      "LazyLoad": "yes",
      "Depends": [
        "R (>= 3.6.0)"
      ],
      "LinkingTo": [
        "Rcpp"
      ],
      "Imports": [
        "Rcpp (>= 0.11.0)",
        "stats",
        "utils"
      ],
      "Suggests": [
        "Matrix",
        "inline",
        "tinytest",
        "pkgKitten",
        "microbenchmark"
      ],
      "URL": "https://github.com/RcppCore/RcppEigen, https://dirk.eddelbuettel.com/code/rcpp.eigen.html",
      "BugReports": "https://github.com/RcppCore/RcppEigen/issues",
      "NeedsCompilation": "yes",
      "Author": "Doug Bates [aut] (<https://orcid.org/0000-0001-8316-9503>), Dirk Eddelbuettel [aut, cre] (<https://orcid.org/0000-0001-6419-907X>), Romain Francois [aut] (<https://orcid.org/0000-0002-2444-4226>), Yixuan Qiu [aut] (<https://orcid.org/0000-0003-0109-6692>), Authors of Eigen [cph] (Authorship and copyright in included Eigen library as detailed in inst/COPYRIGHTS)",
      "Maintainer": "Dirk Eddelbuettel <edd@debian.org>",
      "Repository": "CRAN"
    },
    "class": {
      "Package": "class",
      "Version": "7.3-15",
      "Source": "Repository",
      "Priority": "recommended",
      "Date": "2019-01-01",
      "Depends": [
        "R (>= 3.0.0)",
        "stats",
        "utils"
      ],
      "Imports": [
        "MASS"
      ],
      "Authors@R": "c(person(\"Brian\", \"Ripley\", role = c(\"aut\", \"cre\", \"cph\"), email = \"ripley@stats.ox.ac.uk\"), person(\"William\", \"Venables\", role = \"cph\"))",
      "Description": "Various functions for classification, including k-nearest neighbour, Learning Vector Quantization and Self-Organizing Maps.",
      "Title": "Functions for Classification",
      "ByteCompile": "yes",
      "License": "GPL-2 | GPL-3",
      "URL": "http://www.stats.ox.ac.uk/pub/MASS4/",
      "NeedsCompilation": "yes",
      "Author": "Brian Ripley [aut, cre, cph], William Venables [cph]",
      "Maintainer": "Brian Ripley <ripley@stats.ox.ac.uk>",
      "Repository": "CRAN"
    },
    "codetools": {
      "Package": "codetools",
      "Version": "0.2-16",
      "Source": "Repository",
      "Priority": "recommended",
      "Author": "Luke Tierney <luke-tierney@uiowa.edu>",
      "Description": "Code analysis tools for R.",
      "Title": "Code Analysis Tools for R",
      "Depends": [
        "R (>= 2.1)"
      ],
      "Maintainer": "Luke Tierney <luke-tierney@uiowa.edu>",
      "License": "GPL",
      "NeedsCompilation": "no",
      "Repository": "CRAN"
    },
    "e1071": {
      "Package": "e1071",
      "Version": "1.7-13",
      "Source": "Repository",
      "Title": "Misc Functions of the Department of Statistics, Probability Theory Group (Formerly: E1071), TU Wien",
      "Imports": [
        "graphics",
        "grDevices",
        "class",
        "stats",
        "methods",
        "utils",
        "proxy"
      ],
      "Suggests": [
        "cluster",
        "mlbench",
        "nnet",
        "randomForest",
        "rpart",
        "SparseM",
        "xtable",
        "Matrix",
        "MASS",
        "slam"
      ],
      "Authors@R": "c(person(given = \"David\", family = \"Meyer\", role = c(\"aut\", \"cre\"), email = \"David.Meyer@R-project.org\", comment = c(ORCID = \"0000-0002-5196-3048\")),     person(given = \"Evgenia\", family = \"Dimitriadou\", role = c(\"aut\",\"cph\")), person(given = \"Kurt\", family = \"Hornik\", role = \"aut\", email = \"Kurt.Hornik@R-project.org\", comment = c(ORCID = \"0000-0003-4198-9911\")), person(given = \"Andreas\", family = \"Weingessel\", role = \"aut\"), person(given = \"Friedrich\", family = \"Leisch\", role = \"aut\"), person(given = \"Chih-Chung\", family = \"Chang\", role = c(\"ctb\",\"cph\"), comment = \"libsvm C++-code\"), person(given = \"Chih-Chen\", family = \"Lin\", role = c(\"ctb\",\"cph\"), comment = \"libsvm C++-code\"))",
      "Description": "Functions for latent class analysis, short time Fourier transform, fuzzy clustering, support vector machines, shortest path computation, bagged clustering, naive Bayes classifier, generalized k-nearest neighbour ...",
      "License": "GPL-2 | GPL-3",
      "LazyLoad": "yes",
      "NeedsCompilation": "yes",
      "Author": "David Meyer [aut, cre] (<https://orcid.org/0000-0002-5196-3048>), Evgenia Dimitriadou [aut, cph], Kurt Hornik [aut] (<https://orcid.org/0000-0003-4198-9911>), Andreas Weingessel [aut], Friedrich Leisch [aut], Chih-Chung Chang [ctb, cph] (libsvm C++-code), Chih-Chen Lin [ctb, cph] (libsvm C++-code)",
      "Maintainer": "David Meyer <David.Meyer@R-project.org>",
      "Repository": "CRAN"
    },
    "foreach": {
      "Package": "foreach",
      "Version": "1.5.2",
      "Source": "Repository",
      "Type": "Package",
      "Title": "Provides Foreach Looping Construct",
      "Authors@R": "c(person(\"Folashade\", \"Daniel\", role=\"cre\", email=\"fdaniel@microsoft.com\"), person(\"Hong\", \"Ooi\", role=\"ctb\"), person(\"Rich\", \"Calaway\", role=\"ctb\"), person(\"Microsoft\", role=c(\"aut\", \"cph\")), person(\"Steve\", \"Weston\", role=\"aut\"))",
      "Description": "Support for the foreach looping construct.  Foreach is an idiom that allows for iterating over elements in a collection, without the use of an explicit loop counter.  This package in particular is intended to be used for its return value, rather than for its side effects.  In that sense, it is similar to the standard lapply function, but doesn't require the evaluation of a function.  Using foreach without side effects also facilitates executing the loop in parallel.",
      "License": "Apache License (== 2.0)",
      "URL": "https://github.com/RevolutionAnalytics/foreach",
      "BugReports": "https://github.com/RevolutionAnalytics/foreach/issues",
      "Depends": [
        "R (>= 2.5.0)"
      ],
      "Imports": [
        "codetools",
        "utils",
        "iterators"
      ],
      "Suggests": [
        "randomForest",
        "doMC",
        "doParallel",
        "testthat",
        "knitr",
        "rmarkdown"
      ],
      "VignetteBuilder": "knitr",
      "RoxygenNote": "7.1.1",
      "Collate": "'callCombine.R' 'foreach.R' 'do.R' 'foreach-ext.R' 'foreach-pkg.R' 'getDoPar.R' 'getDoSeq.R' 'getsyms.R' 'iter.R' 'nextElem.R' 'onLoad.R' 'setDoPar.R' 'setDoSeq.R' 'times.R' 'utils.R'",
      "NeedsCompilation": "no",
      "Author": "Folashade Daniel [cre], Hong Ooi [ctb], Rich Calaway [ctb], Microsoft [aut, cph], Steve Weston [aut]",
      "Maintainer": "Folashade Daniel <fdaniel@microsoft.com>",
      "Repository": "CRAN"
    },
    "glmnet": {
      "Package": "glmnet",
      "Version": "4.1-8",
      "Source": "Repository",
      "Type": "Package",
      "Title": "Lasso and Elastic-Net Regularized Generalized Linear Models",
      "Date": "2023-08-19",
      "Authors@R": "c(person(\"Jerome\", \"Friedman\", role=c(\"aut\")), person(\"Trevor\", \"Hastie\", role=c(\"aut\", \"cre\"), email = \"hastie@stanford.edu\"), person(\"Rob\", \"Tibshirani\", role=c(\"aut\")), person(\"Balasubramanian\", \"Narasimhan\", role=c(\"aut\")), person(\"Kenneth\",\"Tay\",role=c(\"aut\")), person(\"Noah\", \"Simon\", role=c(\"aut\")), person(\"Junyang\", \"Qian\", role=c(\"ctb\")), person(\"James\", \"Yang\", role=c(\"aut\")))",
      "Depends": [
        "R (>= 3.6.0)",
        "Matrix (>= 1.0-6)"
      ],
      "Imports": [
        "methods",
        "utils",
        "foreach",
        "shape",
        "survival",
        "Rcpp"
      ],
      "Suggests": [
        "knitr",
        "lars",
        "testthat",
        "xfun",
        "rmarkdown"
      ],
      "SystemRequirements": "C++17",
      "Description": "Extremely efficient procedures for fitting the entire lasso or elastic-net regularization path for linear regression, logistic and multinomial regression models, Poisson regression, Cox model,  multiple-response Gaussian, and the grouped multinomial regression; see <doi:10.18637/jss.v033.i01> and <doi:10.18637/jss.v039.i05>. There are two new and important additions. The family argument can be a GLM family object, which opens the door to any programmed family (<doi:10.18637/jss.v106.i01>). This comes with a modest computational cost, so when the built-in families suffice, they should be used instead.  The other novelty is the relax option, which refits each of the active sets in the path unpenalized. The algorithm uses cyclical coordinate descent in a path-wise fashion, as described in the papers cited.",
      "License": "GPL-2",
      "VignetteBuilder": "knitr",
      "Encoding": "UTF-8",
      "URL": "https://glmnet.stanford.edu",
      "RoxygenNote": "7.2.3",
      "LinkingTo": [
        "RcppEigen",
        "Rcpp"
      ],
      "NeedsCompilation": "yes",
      "Author": "Jerome Friedman [aut], Trevor Hastie [aut, cre], Rob Tibshirani [aut], Balasubramanian Narasimhan [aut], Kenneth Tay [aut], Noah Simon [aut], Junyang Qian [ctb], James Yang [aut]",
      "Maintainer": "Trevor Hastie <hastie@stanford.edu>",
      "Repository": "CRAN"
    },
    "iterators": {
      "Package": "iterators",
      "Version": "1.0.14",
      "Source": "Repository",
      "Type": "Package",
      "Title": "Provides Iterator Construct",
      "Authors@R": "c(person(\"Folashade\", \"Daniel\", role=\"cre\", email=\"fdaniel@microsoft.com\"), person(\"Revolution\", \"Analytics\", role=c(\"aut\", \"cph\")), person(\"Steve\", \"Weston\", role=\"aut\"))",
      "Description": "Support for iterators, which allow a programmer to traverse through all the elements of a vector, list, or other collection of data.",
      "URL": "https://github.com/RevolutionAnalytics/iterators",
      "Depends": [
        "R (>= 2.5.0)",
        "utils"
      ],
      "Suggests": [
        "RUnit",
        "foreach"
      ],
      "License": "Apache License (== 2.0)",
      "NeedsCompilation": "no",
      "Author": "Folashade Daniel [cre], Revolution Analytics [aut, cph], Steve Weston [aut]",
      "Maintainer": "Folashade Daniel <fdaniel@microsoft.com>",
      "Repository": "CRAN"
    },
    "lattice": {
      "Package": "lattice",
      "Version": "0.20-40",
      "Source": "Repository",
      "Date": "2020-02-16",
      "Priority": "recommended",
      "Title": "Trellis Graphics for R",
      "Authors@R": "c(person(\"Deepayan\", \"Sarkar\", role = c(\"aut\", \"cre\"), email = \"deepayan.sarkar@r-project.org\", comment = c(ORCID = \"0000-0003-4107-1553\")), person(\"Felix\", \"Andrews\", role = \"ctb\"), person(\"Kevin\", \"Wright\", role = \"ctb\", comment = \"documentation\"), person(\"Neil\", \"Klepeis\", role = \"ctb\"), person(\"Paul\", \"Murrell\", role = \"ctb\", email = \"paul@stat.auckland.ac.nz\"))",
      "Description": "A powerful and elegant high-level data visualization system inspired by Trellis graphics, with an emphasis on multivariate data. Lattice is sufficient for typical graphics needs, and is also flexible enough to handle most nonstandard requirements. See ?Lattice for an introduction.",
      "Depends": [
        "R (>= 3.0.0)"
      ],
      "Suggests": [
        "KernSmooth",
        "MASS",
        "latticeExtra"
      ],
      "Imports": [
        "grid",
        "grDevices",
        "graphics",
        "stats",
        "utils"
      ],
      "Enhances": [
        "chron"
      ],
      "LazyLoad": "yes",
      "LazyData": "yes",
      "License": "GPL (>= 2)",
      "URL": "http://lattice.r-forge.r-project.org/",
      "BugReports": "https://github.com/deepayan/lattice/issues",
      "NeedsCompilation": "yes",
      "Author": "Deepayan Sarkar [aut, cre] (<https://orcid.org/0000-0003-4107-1553>), Felix Andrews [ctb], Kevin Wright [ctb] (documentation), Neil Klepeis [ctb], Paul Murrell [ctb]",
      "Maintainer": "Deepayan Sarkar <deepayan.sarkar@r-project.org>",
      "Repository": "CRAN"
    },
    "naivebayes": {
      "Package": "naivebayes",
      "Version": "0.9.7",
      "Source": "Repository",
      "Type": "Package",
      "Title": "High Performance Implementation of the Naive Bayes Algorithm",
      "Author": "Michal Majka",
      "Maintainer": "Michal Majka <michalmajka@hotmail.com>",
      "Description": "In this implementation of the Naive Bayes classifier following class conditional distributions are available: Bernoulli, Categorical, Gaussian, Poisson and non-parametric representation of the class conditional density estimated via Kernel Density Estimation. Implemented classifiers handle missing data and can take advantage of sparse data.",
      "URL": "https://github.com/majkamichal/naivebayes, https://majkamichal.github.io/naivebayes/",
      "BugReports": "https://github.com/majkamichal/naivebayes/issues",
      "License": "GPL-2",
      "Encoding": "UTF-8",
      "NeedsCompilation": "no",
      "VignetteBuilder": "knitr",
      "Suggests": [
        "knitr",
        "Matrix"
      ],
      "RoxygenNote": "6.1.1",
      "Repository": "CRAN"
    },
    "proxy": {
      "Package": "proxy",
      "Version": "0.4-29",
      "Source": "Repository",
      "Type": "Package",
      "Title": "Distance and Similarity Measures",
      "Authors@R": "c(person(given = \"David\", family = \"Meyer\", role = c(\"aut\", \"cre\"), email = \"David.Meyer@R-project.org\", comment = c(ORCID = \"0000-0002-5196-3048\")),\t     person(given = \"Christian\", family = \"Buchta\", role = \"aut\"))",
      "Description": "Provides an extensible framework for the efficient calculation of auto- and cross-proximities, along with implementations of the most popular ones.",
      "Depends": [
        "R (>= 3.4.0)"
      ],
      "Imports": [
        "stats",
        "utils"
      ],
      "Suggests": [
        "cba"
      ],
      "Collate": "registry.R database.R dist.R similarities.R dissimilarities.R util.R seal.R",
      "License": "GPL-2 | GPL-3",
      "NeedsCompilation": "yes",
      "Author": "David Meyer [aut, cre] (ORCID: <https://orcid.org/0000-0002-5196-3048>), Christian Buchta [aut]",
      "Maintainer": "David Meyer <David.Meyer@R-project.org>",
      "Repository": "CRAN"
    },
    "randomForest": {
      "Package": "randomForest",
      "Version": "4.6-12",
      "Source": "Repository",
      "Title": "Breiman and Cutler's Random Forests for Classification and Regression",
      "Date": "2015-10-06",
      "Depends": [
        "R (>= 2.5.0)",
        "stats"
      ],
      "Suggests": [
        "RColorBrewer",
        "MASS"
      ],
      "Author": "Fortran original by Leo Breiman and Adele Cutler, R port by Andy Liaw and Matthew Wiener.",
      "Description": "Classification and regression based on a forest of trees using random inputs.",
      "Maintainer": "Andy Liaw <andy_liaw@merck.com>",
      "License": "GPL (>= 2)",
      "URL": "https://www.stat.berkeley.edu/~breiman/RandomForests/",
      "NeedsCompilation": "yes",
      "Repository": "CRAN"
    },
    "remotes": {
      "Package": "remotes",
      "Version": "2.5.0",
      "Source": "Repository",
      "Title": "R Package Installation from Remote Repositories, Including 'GitHub'",
      "Authors@R": "c( person(\"Gábor\", \"Csárdi\", , \"csardi.gabor@gmail.com\", role = c(\"aut\", \"cre\")), person(\"Jim\", \"Hester\", role = \"aut\"), person(\"Hadley\", \"Wickham\", role = \"aut\"), person(\"Winston\", \"Chang\", role = \"aut\"), person(\"Martin\", \"Morgan\", role = \"aut\"), person(\"Dan\", \"Tenenbaum\", role = \"aut\"), person(\"Posit Software, PBC\", role = c(\"cph\", \"fnd\")), person(\"Ascent Digital Services\", role = \"cph\") )",
      "Description": "Download and install R packages stored in 'GitHub', 'GitLab', 'Bitbucket', 'Bioconductor', or plain 'subversion' or 'git' repositories.  This package provides the 'install_*' functions in 'devtools'. Indeed most of the code was copied over from 'devtools'.",
      "License": "MIT + file LICENSE",
      "URL": "https://remotes.r-lib.org, https://github.com/r-lib/remotes#readme",
      "BugReports": "https://github.com/r-lib/remotes/issues",
      "Depends": [
        "R (>= 3.0.0)"
      ],
      "Imports": [
        "methods",
        "stats",
        "tools",
        "utils"
      ],
      "Suggests": [
        "brew",
        "callr",
        "codetools",
        "covr",
        "curl",
        "git2r (>= 0.23.0)",
        "knitr",
        "mockery",
        "pingr",
        "pkgbuild (>= 1.0.1)",
        "rmarkdown",
        "rprojroot",
        "testthat (>= 3.0.0)",
        "webfakes",
        "withr"
      ],
      "VignetteBuilder": "knitr",
      "Config/Needs/website": "tidyverse/tidytemplate",
      "Config/testthat/edition": "3",
      "Encoding": "UTF-8",
      "RoxygenNote": "7.2.3",
      "SystemRequirements": "Subversion for install_svn, git for install_git",
      "NeedsCompilation": "no",
      "Author": "Gábor Csárdi [aut, cre], Jim Hester [aut], Hadley Wickham [aut], Winston Chang [aut], Martin Morgan [aut], Dan Tenenbaum [aut], Posit Software, PBC [cph, fnd], Ascent Digital Services [cph]",
      "Maintainer": "Gábor Csárdi <csardi.gabor@gmail.com>",
      "Repository": "CRAN"
    },
    "renv": {
      "Package": "renv",
      "Version": "1.2.4",
      "Source": "Repository",
      "Type": "Package",
      "Title": "Project Environments",
      "Authors@R": "c( person(\"Kevin\", \"Ushey\", role = c(\"aut\", \"cre\"), email = \"kevin@rstudio.com\", comment = c(ORCID = \"0000-0003-2880-7407\")), person(\"Hadley\", \"Wickham\", role = c(\"aut\"), email = \"hadley@rstudio.com\", comment = c(ORCID = \"0000-0003-4757-117X\")), person(\"Posit Software, PBC\", role = c(\"cph\", \"fnd\")) )",
      "Description": "A dependency management toolkit for R. Using 'renv', you can create and manage project-local R libraries, save the state of these libraries to a 'lockfile', and later restore your library as required. Together, these tools can help make your projects more isolated, portable, and reproducible.",
      "License": "MIT + file LICENSE",
      "URL": "https://rstudio.github.io/renv/, https://github.com/rstudio/renv",
      "BugReports": "https://github.com/rstudio/renv/issues",
      "Imports": [
        "utils"
      ],
      "Suggests": [
        "BiocManager",
        "cli",
        "compiler",
        "covr",
        "cpp11",
        "curl",
        "devtools",
        "generics",
        "gitcreds",
        "jsonlite",
        "jsonvalidate",
        "knitr",
        "miniUI",
        "modules",
        "packrat",
        "pak",
        "R6",
        "remotes",
        "reticulate",
        "rmarkdown",
        "rstudioapi",
        "shiny",
        "testthat",
        "uuid",
        "waldo",
        "yaml",
        "webfakes"
      ],
      "Encoding": "UTF-8",
      "VignetteBuilder": "knitr",
      "Config/Needs/website": "tidyverse/tidytemplate",
      "Config/testthat/edition": "3",
      "Config/testthat/parallel": "true",
      "Config/testthat/start-first": "bioconductor,python,install,restore,snapshot,retrieve,remotes",
      "Config/roxygen2/version": "8.0.0",
      "NeedsCompilation": "no",
      "Author": "Kevin Ushey [aut, cre] (ORCID: <https://orcid.org/0000-0003-2880-7407>), Hadley Wickham [aut] (ORCID: <https://orcid.org/0000-0003-4757-117X>), Posit Software, PBC [cph, fnd]",
      "Maintainer": "Kevin Ushey <kevin@rstudio.com>",
      "Repository": "CRAN"
    },
    "rpart": {
      "Package": "rpart",
      "Version": "4.1.21",
      "Source": "Repository",
      "Priority": "recommended",
      "Date": "2023-10-09",
      "Authors@R": "c(person(\"Terry\", \"Therneau\", role = \"aut\", email = \"therneau@mayo.edu\"), person(\"Beth\", \"Atkinson\", role = c(\"aut\", \"cre\"), email = \"atkinson@mayo.edu\"), person(\"Brian\", \"Ripley\", role = \"trl\", email = \"ripley@stats.ox.ac.uk\", comment = \"producer of the initial R port, maintainer 1999-2017\"))",
      "Description": "Recursive partitioning for classification,  regression and survival trees.  An implementation of most of the  functionality of the 1984 book by Breiman, Friedman, Olshen and Stone.",
      "Title": "Recursive Partitioning and Regression Trees",
      "Depends": [
        "R (>= 2.15.0)",
        "graphics",
        "stats",
        "grDevices"
      ],
      "Suggests": [
        "survival"
      ],
      "License": "GPL-2 | GPL-3",
      "LazyData": "yes",
      "ByteCompile": "yes",
      "NeedsCompilation": "yes",
      "Author": "Terry Therneau [aut], Beth Atkinson [aut, cre], Brian Ripley [trl] (producer of the initial R port, maintainer 1999-2017)",
      "Maintainer": "Beth Atkinson <atkinson@mayo.edu>",
      "Repository": "CRAN",
      "URL": "https://github.com/bethatkinson/rpart, https://cran.r-project.org/package=rpart",
      "BugReports": "https://github.com/bethatkinson/rpart/issues"
    },
    "shape": {
      "Package": "shape",
      "Version": "1.4.6.1",
      "Source": "Repository",
      "Title": "Functions for Plotting Graphical Shapes, Colors",
      "Author": "Karline Soetaert <karline.soetaert@nioz.nl>",
      "Maintainer": "Karline Soetaert <karline.soetaert@nioz.nl>",
      "Depends": [
        "R (>= 2.01)"
      ],
      "Imports": [
        "stats",
        "graphics",
        "grDevices"
      ],
      "Description": "Functions for plotting graphical shapes such as ellipses, circles, cylinders, arrows, ...",
      "License": "GPL (>= 3)",
      "NeedsCompilation": "no",
      "Repository": "CRAN"
    },
    "survival": {
      "Package": "survival",
      "Version": "3.1-8",
      "Source": "Repository",
      "Title": "Survival Analysis",
      "Maintainer": "Terry M Therneau <therneau.terry@mayo.edu>",
      "Priority": "recommended",
      "Date": "2019-11-18",
      "Depends": [
        "R (>= 3.4.0)"
      ],
      "Imports": [
        "graphics",
        "Matrix",
        "methods",
        "splines",
        "stats",
        "utils"
      ],
      "LazyData": "Yes",
      "LazyLoad": "Yes",
      "ByteCompile": "Yes",
      "Authors@R": "c(person(c(\"Terry\", \"M\"), \"Therneau\", email=\"therneau.terry@mayo.edu\", role=c(\"aut\", \"cre\")), person(\"Thomas\", \"Lumley\", role=c(\"ctb\", \"trl\"), comment=\"original S->R port and R maintainer until 2009\"))",
      "Description": "Contains the core survival analysis routines, including definition of Surv objects,  Kaplan-Meier and Aalen-Johansen (multi-state) curves, Cox models, and parametric accelerated failure time models.",
      "License": "LGPL (>= 2)",
      "URL": "https://github.com/therneau/survival",
      "NeedsCompilation": "yes",
      "Author": "Terry M Therneau [aut, cre], Thomas Lumley [ctb, trl] (original S->R port and R maintainer until 2009)",
      "Repository": "CRAN"
    },
    "tree": {
      "Package": "tree",
      "Version": "1.0-43",
      "Source": "Repository",
      "Title": "Classification and Regression Trees",
      "Date": "2023-01-31",
      "Depends": [
        "R (>= 3.6.0)",
        "grDevices",
        "graphics",
        "stats"
      ],
      "Suggests": [
        "MASS"
      ],
      "Authors@R": "person(\"Brian\", \"Ripley\", role = c(\"aut\", \"cre\"), email = \"ripley@stats.ox.ac.uk\")",
      "Description": "Classification and regression trees.",
      "License": "GPL-2 | GPL-3",
      "NeedsCompilation": "yes",
      "Author": "Brian Ripley [aut, cre]",
      "Maintainer": "Brian Ripley <ripley@stats.ox.ac.uk>",
      "Repository": "CRAN"
    }
  }
}
